
Microsoft Visual Studio Solution File, Format Version 12.00
# Visual Studio Version 17
VisualStudioVersion = 17.9.34902.65
MinimumVisualStudioVersion = 10.0.40219.1
Project("{FAE04EC0-301F-11D3-BF4B-00C04F79EFBC}") = "Proyecto17", "Proyecto17\Proyecto17.csproj", "{5CA57315-B61A-4B9A-AD1C-C235EDCDEC9A}"
EndProject
Global
	GlobalSection(SolutionConfigurationPlatforms) = preSolution
		Debug|Any CPU = Debug|Any CPU
		Release|Any CPU = Release|Any CPU
	EndGlobalSection
	GlobalSection(ProjectConfigurationPlatforms) = postSolution
		{5CA57315-B61A-4B9A-AD1C-C235EDCDEC9A}.Debug|Any CPU.ActiveCfg = Debug|Any CPU
		{5CA57315-B61A-4B9A-AD1C-C235EDCDEC9A}.Debug|Any CPU.Build.0 = Debug|Any CPU
		{5CA57315-B61A-4B9A-AD1C-C235EDCDEC9A}.Release|Any CPU.ActiveCfg = Release|Any CPU
		{5CA57315-B61A-4B9A-AD1C-C235EDCDEC9A}.Release|Any CPU.Build.0 = Release|Any CPU
	EndGlobalSection
	GlobalSection(SolutionProperties) = preSolution
		HideSolutionNode = FALSE
	EndGlobalSection
	GlobalSection(ExtensibilityGlobals) = postSolution
		SolutionGuid = {D3E7472B-02F3-4A99-B45E-C8DDF9A65F85}
	EndGlobalSection
EndGlobal
